
Microsoft Visual Studio Solution File, Format Version 12.00
# Visual Studio Version 16
VisualStudioVersion = 16.0.29209.62
MinimumVisualStudioVersion = 10.0.40219.1
Project("{9A19103F-16F7-4668-BE54-9A1E7A4F7556}") = "HelloWorld.ConsoleApp", "HelloWorld.ConsoleApp\HelloWorld.ConsoleApp.csproj", "{1ECA64DB-16E8-4AE5-90CD-DD9CDEBFF9A9}"
EndProject
Project("{9A19103F-16F7-4668-BE54-9A1E7A4F7556}") = "HelloWorld.WinForms", "HelloWorld.WinForms\HelloWorld.WinForms.csproj", "{F24A74E0-A145-47BD-B2C6-E717D04F02C9}"
EndProject
Project("{9A19103F-16F7-4668-BE54-9A1E7A4F7556}") = "HelloWorld.RazorPagesWebApp", "HelloWorld.RazorPagesWebApp\HelloWorld.RazorPagesWebApp.csproj", "{75751C5A-C30B-4614-80A3-5D4CEA0BC920}"
EndProject
Project("{FAE04EC0-301F-11D3-BF4B-00C04F79EFBC}") = "HelloWorld.WPFApp", "HelloWorld.WPFApp\HelloWorld.WPFApp.csproj", "{A85BA3F0-F5C4-4F1E-968E-0BA30339FA15}"
EndProject
Project("{FAE04EC0-301F-11D3-BF4B-00C04F79EFBC}") = "HelloWorld.MVCWebApp", "HelloWorld.MVCWebApp\HelloWorld.MVCWebApp.csproj", "{7A1893C6-D89F-46AA-B08C-3E82956AE692}"
EndProject
Global
	GlobalSection(SolutionConfigurationPlatforms) = preSolution
		Debug|Any CPU = Debug|Any CPU
		Release|Any CPU = Release|Any CPU
	EndGlobalSection
	GlobalSection(ProjectConfigurationPlatforms) = postSolution
		{1ECA64DB-16E8-4AE5-90CD-DD9CDEBFF9A9}.Debug|Any CPU.ActiveCfg = Debug|Any CPU
		{1ECA64DB-16E8-4AE5-90CD-DD9CDEBFF9A9}.Debug|Any CPU.Build.0 = Debug|Any CPU
		{1ECA64DB-16E8-4AE5-90CD-DD9CDEBFF9A9}.Release|Any CPU.ActiveCfg = Release|Any CPU
		{1ECA64DB-16E8-4AE5-90CD-DD9CDEBFF9A9}.Release|Any CPU.Build.0 = Release|Any CPU
		{F24A74E0-A145-47BD-B2C6-E717D04F02C9}.Debug|Any CPU.ActiveCfg = Debug|Any CPU
		{F24A74E0-A145-47BD-B2C6-E717D04F02C9}.Debug|Any CPU.Build.0 = Debug|Any CPU
		{F24A74E0-A145-47BD-B2C6-E717D04F02C9}.Release|Any CPU.ActiveCfg = Release|Any CPU
		{F24A74E0-A145-47BD-B2C6-E717D04F02C9}.Release|Any CPU.Build.0 = Release|Any CPU
		{75751C5A-C30B-4614-80A3-5D4CEA0BC920}.Debug|Any CPU.ActiveCfg = Debug|Any CPU
		{75751C5A-C30B-4614-80A3-5D4CEA0BC920}.Debug|Any CPU.Build.0 = Debug|Any CPU
		{75751C5A-C30B-4614-80A3-5D4CEA0BC920}.Release|Any CPU.ActiveCfg = Release|Any CPU
		{75751C5A-C30B-4614-80A3-5D4CEA0BC920}.Release|Any CPU.Build.0 = Release|Any CPU
		{A85BA3F0-F5C4-4F1E-968E-0BA30339FA15}.Debug|Any CPU.ActiveCfg = Debug|Any CPU
		{A85BA3F0-F5C4-4F1E-968E-0BA30339FA15}.Debug|Any CPU.Build.0 = Debug|Any CPU
		{A85BA3F0-F5C4-4F1E-968E-0BA30339FA15}.Release|Any CPU.ActiveCfg = Release|Any CPU
		{A85BA3F0-F5C4-4F1E-968E-0BA30339FA15}.Release|Any CPU.Build.0 = Release|Any CPU
		{7A1893C6-D89F-46AA-B08C-3E82956AE692}.Debug|Any CPU.ActiveCfg = Debug|Any CPU
		{7A1893C6-D89F-46AA-B08C-3E82956AE692}.Debug|Any CPU.Build.0 = Debug|Any CPU
		{7A1893C6-D89F-46AA-B08C-3E82956AE692}.Release|Any CPU.ActiveCfg = Release|Any CPU
		{7A1893C6-D89F-46AA-B08C-3E82956AE692}.Release|Any CPU.Build.0 = Release|Any CPU
	EndGlobalSection
	GlobalSection(SolutionProperties) = preSolution
		HideSolutionNode = FALSE
	EndGlobalSection
	GlobalSection(ExtensibilityGlobals) = postSolution
		SolutionGuid = {D4E8EA84-1BF4-4140-90F3-1135E4F39134}
	EndGlobalSection
EndGlobal
